
Microsoft Visual Studio Solution File, Format Version 12.00
# Visual Studio Version 17
VisualStudioVersion = 17.11.35222.181
MinimumVisualStudioVersion = 10.0.40219.1
Project("{FAE04EC0-301F-11D3-BF4B-00C04F79EFBC}") = "ProcesoCrud", "ProcesoCrud\ProcesoCrud.csproj", "{F6168D73-A007-472A-BDB3-D4E7B8204038}"
EndProject
Global
	GlobalSection(SolutionConfigurationPlatforms) = preSolution
		Debug|Any CPU = Debug|Any CPU
		Release|Any CPU = Release|Any CPU
	EndGlobalSection
	GlobalSection(ProjectConfigurationPlatforms) = postSolution
		{F6168D73-A007-472A-BDB3-D4E7B8204038}.Debug|Any CPU.ActiveCfg = Debug|Any CPU
		{F6168D73-A007-472A-BDB3-D4E7B8204038}.Debug|Any CPU.Build.0 = Debug|Any CPU
		{F6168D73-A007-472A-BDB3-D4E7B8204038}.Release|Any CPU.ActiveCfg = Release|Any CPU
		{F6168D73-A007-472A-BDB3-D4E7B8204038}.Release|Any CPU.Build.0 = Release|Any CPU
	EndGlobalSection
	GlobalSection(SolutionProperties) = preSolution
		HideSolutionNode = FALSE
	EndGlobalSection
	GlobalSection(ExtensibilityGlobals) = postSolution
		SolutionGuid = {8C0895C7-FC21-4B02-A280-5C122CD799AE}
	EndGlobalSection
EndGlobal
